{
  "requires": true,
  "lockfileVersion": 1,
  "dependencies": {
    "jweixin-module": {
      "version": "1.6.0",
      "resolved": "https://npm.lefile.cn/jweixin-module/-/jweixin-module-1.6.0.tgz",
      "integrity": "sha512-dGk9cf+ipipHmtzYmKZs5B2toX+p4hLyllGLF6xuC8t+B05oYxd8fYoaRz0T30U2n3RUv8a4iwvjhA+OcYz52w=="
    },
    "mobile-select": {
      "version": "1.4.0",
      "resolved": "https://npm.lefile.cn/mobile-select/-/mobile-select-1.4.0.tgz",
      "integrity": "sha512-6Gq3+RDCrDbBr4+y48JfrRpLtoS8Bj7EcGv/YEXPq6d09wZ8lKaQzXRF/P8hpFUXA/uFMmATemZbqZFI6WeFQg==",
      "dev": true
    }
  }
}
